// !$*UTF8*$!
{
	archiveVersion = 1;
	classes = {
	};
	objectVersion = 45;
	objects = {

/* Begin PBXAggregateTarget section */
		4BB1774812298D8D00B3DC81 /* HockeyDemo Script */ = {
			isa = PBXAggregateTarget;
			buildConfigurationList = 4BB1774F12298DBA00B3DC81 /* Build configuration list for PBXAggregateTarget "HockeyDemo Script" */;
			buildPhases = (
				4BB1774E12298D9A00B3DC81 /* Beta Automatisation */,
			);
			dependencies = (
				4BB1774C12298D9300B3DC81 /* PBXTargetDependency */,
			);
			name = "HockeyDemo Script";
			productName = "HockeyDemo Script";
		};
/* End PBXAggregateTarget section */

/* Begin PBXBuildFile section */
		1D3623260D0F684500981E51 /* HockeyDemoAppDelegate.m in Sources */ = {isa = PBXBuildFile; fileRef = 1D3623250D0F684500981E51 /* HockeyDemoAppDelegate.m */; };
		1D60589B0D05DD56006BFB54 /* main.m in Sources */ = {isa = PBXBuildFile; fileRef = 29B97316FDCFA39411CA2CEA /* main.m */; };
		1D60589F0D05DD5A006BFB54 /* Foundation.framework in Frameworks */ = {isa = PBXBuildFile; fileRef = 1D30AB110D05D00D00671497 /* Foundation.framework */; };
		1DF5F4E00D08C38300B7A737 /* UIKit.framework in Frameworks */ = {isa = PBXBuildFile; fileRef = 1DF5F4DF0D08C38300B7A737 /* UIKit.framework */; };
		1EB32FA0122147E20081CF8E /* BWHockeyViewController.m in Sources */ = {isa = PBXBuildFile; fileRef = 1EB32F89122147E20081CF8E /* BWHockeyViewController.m */; };
		1EB32FA1122147E20081CF8E /* BWHockeyController.m in Sources */ = {isa = PBXBuildFile; fileRef = 1EB32F8B122147E20081CF8E /* BWHockeyController.m */; };
		1EB330EB122162200081CF8E /* HockeyDemoSettingsViewController.m in Sources */ = {isa = PBXBuildFile; fileRef = 1EB330EA122162200081CF8E /* HockeyDemoSettingsViewController.m */; };
		1EB3332112219D440081CF8E /* BWWebViewController.m in Sources */ = {isa = PBXBuildFile; fileRef = 1EB3330C12219D440081CF8E /* BWWebViewController.m */; };
		1EB3332212219D440081CF8E /* NSObject+SBJSON.m in Sources */ = {isa = PBXBuildFile; fileRef = 1EB3331012219D440081CF8E /* NSObject+SBJSON.m */; };
		1EB3332312219D440081CF8E /* NSString+SBJSON.m in Sources */ = {isa = PBXBuildFile; fileRef = 1EB3331212219D440081CF8E /* NSString+SBJSON.m */; };
		1EB3332412219D440081CF8E /* SBJSON.m in Sources */ = {isa = PBXBuildFile; fileRef = 1EB3331412219D440081CF8E /* SBJSON.m */; };
		1EB3332512219D440081CF8E /* SBJsonBase.m in Sources */ = {isa = PBXBuildFile; fileRef = 1EB3331612219D440081CF8E /* SBJsonBase.m */; };
		1EB3332612219D440081CF8E /* SBJsonParser.m in Sources */ = {isa = PBXBuildFile; fileRef = 1EB3331812219D440081CF8E /* SBJsonParser.m */; };
		1EB3332712219D440081CF8E /* SBJsonWriter.m in Sources */ = {isa = PBXBuildFile; fileRef = 1EB3331A12219D440081CF8E /* SBJsonWriter.m */; };
		1EB3332812219D440081CF8E /* NSString+URLEncoding.m in Sources */ = {isa = PBXBuildFile; fileRef = 1EB3331D12219D440081CF8E /* NSString+URLEncoding.m */; };
		1EB333A41221A3F40081CF8E /* Localizable.strings in Resources */ = {isa = PBXBuildFile; fileRef = 1EB333A31221A3F40081CF8E /* Localizable.strings */; };
		288765A50DF7441C002DB57D /* CoreGraphics.framework in Frameworks */ = {isa = PBXBuildFile; fileRef = 288765A40DF7441C002DB57D /* CoreGraphics.framework */; };
		2899E5220DE3E06400AC0155 /* HockeyDemoViewController.xib in Resources */ = {isa = PBXBuildFile; fileRef = 2899E5210DE3E06400AC0155 /* HockeyDemoViewController.xib */; };
		28AD733F0D9D9553002E5188 /* MainWindow.xib in Resources */ = {isa = PBXBuildFile; fileRef = 28AD733E0D9D9553002E5188 /* MainWindow.xib */; };
		28D7ACF80DDB3853001CB0EB /* HockeyDemoViewController.m in Sources */ = {isa = PBXBuildFile; fileRef = 28D7ACF70DDB3853001CB0EB /* HockeyDemoViewController.m */; };
/* End PBXBuildFile section */

/* Begin PBXContainerItemProxy section */
		4BB1774B12298D9300B3DC81 /* PBXContainerItemProxy */ = {
			isa = PBXContainerItemProxy;
			containerPortal = 29B97313FDCFA39411CA2CEA /* Project object */;
			proxyType = 1;
			remoteGlobalIDString = 1D6058900D05DD3D006BFB54;
			remoteInfo = HockeyDemo;
		};
/* End PBXContainerItemProxy section */

/* Begin PBXFileReference section */
		1D30AB110D05D00D00671497 /* Foundation.framework */ = {isa = PBXFileReference; lastKnownFileType = wrapper.framework; name = Foundation.framework; path = System/Library/Frameworks/Foundation.framework; sourceTree = SDKROOT; };
		1D3623240D0F684500981E51 /* HockeyDemoAppDelegate.h */ = {isa = PBXFileReference; fileEncoding = 4; lastKnownFileType = sourcecode.c.h; path = HockeyDemoAppDelegate.h; sourceTree = "<group>"; };
		1D3623250D0F684500981E51 /* HockeyDemoAppDelegate.m */ = {isa = PBXFileReference; fileEncoding = 4; lastKnownFileType = sourcecode.c.objc; path = HockeyDemoAppDelegate.m; sourceTree = "<group>"; };
		1D6058910D05DD3D006BFB54 /* HockeyDemo.app */ = {isa = PBXFileReference; explicitFileType = wrapper.application; includeInIndex = 0; path = HockeyDemo.app; sourceTree = BUILT_PRODUCTS_DIR; };
		1DF5F4DF0D08C38300B7A737 /* UIKit.framework */ = {isa = PBXFileReference; lastKnownFileType = wrapper.framework; name = UIKit.framework; path = System/Library/Frameworks/UIKit.framework; sourceTree = SDKROOT; };
		1EB32F88122147E20081CF8E /* BWHockeyViewController.h */ = {isa = PBXFileReference; fileEncoding = 4; lastKnownFileType = sourcecode.c.h; path = BWHockeyViewController.h; sourceTree = "<group>"; };
		1EB32F89122147E20081CF8E /* BWHockeyViewController.m */ = {isa = PBXFileReference; fileEncoding = 4; lastKnownFileType = sourcecode.c.objc; path = BWHockeyViewController.m; sourceTree = "<group>"; };
		1EB32F8A122147E20081CF8E /* BWHockeyController.h */ = {isa = PBXFileReference; fileEncoding = 4; lastKnownFileType = sourcecode.c.h; path = BWHockeyController.h; sourceTree = "<group>"; };
		1EB32F8B122147E20081CF8E /* BWHockeyController.m */ = {isa = PBXFileReference; fileEncoding = 4; lastKnownFileType = sourcecode.c.objc; path = BWHockeyController.m; sourceTree = "<group>"; };
		1EB32F8C122147E20081CF8E /* BWGlobal.h */ = {isa = PBXFileReference; fileEncoding = 4; lastKnownFileType = sourcecode.c.h; path = BWGlobal.h; sourceTree = "<group>"; };
		1EB330E9122162200081CF8E /* HockeyDemoSettingsViewController.h */ = {isa = PBXFileReference; fileEncoding = 4; lastKnownFileType = sourcecode.c.h; path = HockeyDemoSettingsViewController.h; sourceTree = "<group>"; };
		1EB330EA122162200081CF8E /* HockeyDemoSettingsViewController.m */ = {isa = PBXFileReference; fileEncoding = 4; lastKnownFileType = sourcecode.c.objc; path = HockeyDemoSettingsViewController.m; sourceTree = "<group>"; };
		1EB3330B12219D440081CF8E /* BWWebViewController.h */ = {isa = PBXFileReference; fileEncoding = 4; lastKnownFileType = sourcecode.c.h; path = BWWebViewController.h; sourceTree = "<group>"; };
		1EB3330C12219D440081CF8E /* BWWebViewController.m */ = {isa = PBXFileReference; fileEncoding = 4; lastKnownFileType = sourcecode.c.objc; path = BWWebViewController.m; sourceTree = "<group>"; };
		1EB3330E12219D440081CF8E /* JSON.h */ = {isa = PBXFileReference; fileEncoding = 4; lastKnownFileType = sourcecode.c.h; path = JSON.h; sourceTree = "<group>"; };
		1EB3330F12219D440081CF8E /* NSObject+SBJSON.h */ = {isa = PBXFileReference; fileEncoding = 4; lastKnownFileType = sourcecode.c.h; path = "NSObject+SBJSON.h"; sourceTree = "<group>"; };
		1EB3331012219D440081CF8E /* NSObject+SBJSON.m */ = {isa = PBXFileReference; fileEncoding = 4; lastKnownFileType = sourcecode.c.objc; path = "NSObject+SBJSON.m"; sourceTree = "<group>"; };
		1EB3331112219D440081CF8E /* NSString+SBJSON.h */ = {isa = PBXFileReference; fileEncoding = 4; lastKnownFileType = sourcecode.c.h; path = "NSString+SBJSON.h"; sourceTree = "<group>"; };
		1EB3331212219D440081CF8E /* NSString+SBJSON.m */ = {isa = PBXFileReference; fileEncoding = 4; lastKnownFileType = sourcecode.c.objc; path = "NSString+SBJSON.m"; sourceTree = "<group>"; };
		1EB3331312219D440081CF8E /* SBJSON.h */ = {isa = PBXFileReference; fileEncoding = 4; lastKnownFileType = sourcecode.c.h; path = SBJSON.h; sourceTree = "<group>"; };
		1EB3331412219D440081CF8E /* SBJSON.m */ = {isa = PBXFileReference; fileEncoding = 4; lastKnownFileType = sourcecode.c.objc; path = SBJSON.m; sourceTree = "<group>"; };
		1EB3331512219D440081CF8E /* SBJsonBase.h */ = {isa = PBXFileReference; fileEncoding = 4; lastKnownFileType = sourcecode.c.h; path = SBJsonBase.h; sourceTree = "<group>"; };
		1EB3331612219D440081CF8E /* SBJsonBase.m */ = {isa = PBXFileReference; fileEncoding = 4; lastKnownFileType = sourcecode.c.objc; path = SBJsonBase.m; sourceTree = "<group>"; };
		1EB3331712219D440081CF8E /* SBJsonParser.h */ = {isa = PBXFileReference; fileEncoding = 4; lastKnownFileType = sourcecode.c.h; path = SBJsonParser.h; sourceTree = "<group>"; };
		1EB3331812219D440081CF8E /* SBJsonParser.m */ = {isa = PBXFileReference; fileEncoding = 4; lastKnownFileType = sourcecode.c.objc; path = SBJsonParser.m; sourceTree = "<group>"; };
		1EB3331912219D440081CF8E /* SBJsonWriter.h */ = {isa = PBXFileReference; fileEncoding = 4; lastKnownFileType = sourcecode.c.h; path = SBJsonWriter.h; sourceTree = "<group>"; };
		1EB3331A12219D440081CF8E /* SBJsonWriter.m */ = {isa = PBXFileReference; fileEncoding = 4; lastKnownFileType = sourcecode.c.objc; path = SBJsonWriter.m; sourceTree = "<group>"; };
		1EB3331C12219D440081CF8E /* NSString+URLEncoding.h */ = {isa = PBXFileReference; fileEncoding = 4; lastKnownFileType = sourcecode.c.h; path = "NSString+URLEncoding.h"; sourceTree = "<group>"; };
		1EB3331D12219D440081CF8E /* NSString+URLEncoding.m */ = {isa = PBXFileReference; fileEncoding = 4; lastKnownFileType = sourcecode.c.objc; path = "NSString+URLEncoding.m"; sourceTree = "<group>"; };
		1EB333601221A3E00081CF8E /* English */ = {isa = PBXFileReference; fileEncoding = 4; lastKnownFileType = text.plist.strings; name = English; path = English.lproj/Localizable.strings; sourceTree = "<group>"; };
		288765A40DF7441C002DB57D /* CoreGraphics.framework */ = {isa = PBXFileReference; lastKnownFileType = wrapper.framework; name = CoreGraphics.framework; path = System/Library/Frameworks/CoreGraphics.framework; sourceTree = SDKROOT; };
		2899E5210DE3E06400AC0155 /* HockeyDemoViewController.xib */ = {isa = PBXFileReference; lastKnownFileType = file.xib; path = HockeyDemoViewController.xib; sourceTree = "<group>"; };
		28AD733E0D9D9553002E5188 /* MainWindow.xib */ = {isa = PBXFileReference; lastKnownFileType = file.xib; path = MainWindow.xib; sourceTree = "<group>"; };
		28D7ACF60DDB3853001CB0EB /* HockeyDemoViewController.h */ = {isa = PBXFileReference; fileEncoding = 4; lastKnownFileType = sourcecode.c.h; path = HockeyDemoViewController.h; sourceTree = "<group>"; };
		28D7ACF70DDB3853001CB0EB /* HockeyDemoViewController.m */ = {isa = PBXFileReference; fileEncoding = 4; lastKnownFileType = sourcecode.c.objc; path = HockeyDemoViewController.m; sourceTree = "<group>"; };
		29B97316FDCFA39411CA2CEA /* main.m */ = {isa = PBXFileReference; fileEncoding = 4; lastKnownFileType = sourcecode.c.objc; path = main.m; sourceTree = "<group>"; };
		32CA4F630368D1EE00C91783 /* HockeyDemo_Prefix.pch */ = {isa = PBXFileReference; fileEncoding = 4; lastKnownFileType = sourcecode.c.h; path = HockeyDemo_Prefix.pch; sourceTree = "<group>"; };
		8D1107310486CEB800E47090 /* HockeyDemo-Info.plist */ = {isa = PBXFileReference; fileEncoding = 4; lastKnownFileType = text.plist.xml; path = "HockeyDemo-Info.plist"; plistStructureDefinitionIdentifier = "com.apple.xcode.plist.structure-definition.iphone.info-plist"; sourceTree = "<group>"; };
/* End PBXFileReference section */

/* Begin PBXFrameworksBuildPhase section */
		1D60588F0D05DD3D006BFB54 /* Frameworks */ = {
			isa = PBXFrameworksBuildPhase;
			buildActionMask = 2147483647;
			files = (
				1D60589F0D05DD5A006BFB54 /* Foundation.framework in Frameworks */,
				1DF5F4E00D08C38300B7A737 /* UIKit.framework in Frameworks */,
				288765A50DF7441C002DB57D /* CoreGraphics.framework in Frameworks */,
			);
			runOnlyForDeploymentPostprocessing = 0;
		};
/* End PBXFrameworksBuildPhase section */

/* Begin PBXGroup section */
		080E96DDFE201D6D7F000001 /* Classes */ = {
			isa = PBXGroup;
			children = (
				1D3623240D0F684500981E51 /* HockeyDemoAppDelegate.h */,
				1D3623250D0F684500981E51 /* HockeyDemoAppDelegate.m */,
				28D7ACF60DDB3853001CB0EB /* HockeyDemoViewController.h */,
				28D7ACF70DDB3853001CB0EB /* HockeyDemoViewController.m */,
				1EB330E9122162200081CF8E /* HockeyDemoSettingsViewController.h */,
				1EB330EA122162200081CF8E /* HockeyDemoSettingsViewController.m */,
			);
			path = Classes;
			sourceTree = "<group>";
		};
		19C28FACFE9D520D11CA2CBB /* Products */ = {
			isa = PBXGroup;
			children = (
				1D6058910D05DD3D006BFB54 /* HockeyDemo.app */,
			);
			name = Products;
			sourceTree = "<group>";
		};
		1EB32F87122147E20081CF8E /* client */ = {
			isa = PBXGroup;
			children = (
				1EB32F8C122147E20081CF8E /* BWGlobal.h */,
				1EB32F8A122147E20081CF8E /* BWHockeyController.h */,
				1EB32F8B122147E20081CF8E /* BWHockeyController.m */,
				1EB32F88122147E20081CF8E /* BWHockeyViewController.h */,
				1EB32F89122147E20081CF8E /* BWHockeyViewController.m */,
				1EB3330A12219D440081CF8E /* BWWebViewController */,
				1EB3330D12219D440081CF8E /* JSON */,
				1EB3331B12219D440081CF8E /* NSString+URLEncoding */,
			);
			name = client;
			path = ../../client;
			sourceTree = SOURCE_ROOT;
		};
		1EB3330A12219D440081CF8E /* BWWebViewController */ = {
			isa = PBXGroup;
			children = (
				1EB3330B12219D440081CF8E /* BWWebViewController.h */,
				1EB3330C12219D440081CF8E /* BWWebViewController.m */,
			);
			path = BWWebViewController;
			sourceTree = "<group>";
		};
		1EB3330D12219D440081CF8E /* JSON */ = {
			isa = PBXGroup;
			children = (
				1EB3330E12219D440081CF8E /* JSON.h */,
				1EB3330F12219D440081CF8E /* NSObject+SBJSON.h */,
				1EB3331012219D440081CF8E /* NSObject+SBJSON.m */,
				1EB3331112219D440081CF8E /* NSString+SBJSON.h */,
				1EB3331212219D440081CF8E /* NSString+SBJSON.m */,
				1EB3331312219D440081CF8E /* SBJSON.h */,
				1EB3331412219D440081CF8E /* SBJSON.m */,
				1EB3331512219D440081CF8E /* SBJsonBase.h */,
				1EB3331612219D440081CF8E /* SBJsonBase.m */,
				1EB3331712219D440081CF8E /* SBJsonParser.h */,
				1EB3331812219D440081CF8E /* SBJsonParser.m */,
				1EB3331912219D440081CF8E /* SBJsonWriter.h */,
				1EB3331A12219D440081CF8E /* SBJsonWriter.m */,
			);
			path = JSON;
			sourceTree = "<group>";
		};
		1EB3331B12219D440081CF8E /* NSString+URLEncoding */ = {
			isa = PBXGroup;
			children = (
				1EB3331C12219D440081CF8E /* NSString+URLEncoding.h */,
				1EB3331D12219D440081CF8E /* NSString+URLEncoding.m */,
			);
			path = "NSString+URLEncoding";
			sourceTree = "<group>";
		};
		29B97314FDCFA39411CA2CEA /* CustomTemplate */ = {
			isa = PBXGroup;
			children = (
				1EB32F87122147E20081CF8E /* client */,
				080E96DDFE201D6D7F000001 /* Classes */,
				29B97315FDCFA39411CA2CEA /* Other Sources */,
				29B97317FDCFA39411CA2CEA /* Resources */,
				29B97323FDCFA39411CA2CEA /* Frameworks */,
				19C28FACFE9D520D11CA2CBB /* Products */,
			);
			name = CustomTemplate;
			sourceTree = "<group>";
		};
		29B97315FDCFA39411CA2CEA /* Other Sources */ = {
			isa = PBXGroup;
			children = (
				32CA4F630368D1EE00C91783 /* HockeyDemo_Prefix.pch */,
				29B97316FDCFA39411CA2CEA /* main.m */,
			);
			name = "Other Sources";
			sourceTree = "<group>";
		};
		29B97317FDCFA39411CA2CEA /* Resources */ = {
			isa = PBXGroup;
			children = (
				2899E5210DE3E06400AC0155 /* HockeyDemoViewController.xib */,
				28AD733E0D9D9553002E5188 /* MainWindow.xib */,
				8D1107310486CEB800E47090 /* HockeyDemo-Info.plist */,
				1EB333A31221A3F40081CF8E /* Localizable.strings */,
			);
			name = Resources;
			sourceTree = "<group>";
		};
		29B97323FDCFA39411CA2CEA /* Frameworks */ = {
			isa = PBXGroup;
			children = (
				1DF5F4DF0D08C38300B7A737 /* UIKit.framework */,
				1D30AB110D05D00D00671497 /* Foundation.framework */,
				288765A40DF7441C002DB57D /* CoreGraphics.framework */,
			);
			name = Frameworks;
			sourceTree = "<group>";
		};
/* End PBXGroup section */

/* Begin PBXNativeTarget section */
		1D6058900D05DD3D006BFB54 /* HockeyDemo */ = {
			isa = PBXNativeTarget;
			buildConfigurationList = 1D6058960D05DD3E006BFB54 /* Build configuration list for PBXNativeTarget "HockeyDemo" */;
			buildPhases = (
				1D60588D0D05DD3D006BFB54 /* Resources */,
				1D60588E0D05DD3D006BFB54 /* Sources */,
				1D60588F0D05DD3D006BFB54 /* Frameworks */,
			);
			buildRules = (
			);
			dependencies = (
			);
			name = HockeyDemo;
			productName = larsdemo;
			productReference = 1D6058910D05DD3D006BFB54 /* HockeyDemo.app */;
			productType = "com.apple.product-type.application";
		};
/* End PBXNativeTarget section */

/* Begin PBXProject section */
		29B97313FDCFA39411CA2CEA /* Project object */ = {
			isa = PBXProject;
			buildConfigurationList = C01FCF4E08A954540054247B /* Build configuration list for PBXProject "HockeyDemo" */;
			compatibilityVersion = "Xcode 3.1";
			developmentRegion = English;
			hasScannedForEncodings = 1;
			knownRegions = (
				English,
				Japanese,
				French,
				German,
			);
			mainGroup = 29B97314FDCFA39411CA2CEA /* CustomTemplate */;
			projectDirPath = "";
			projectRoot = "";
			targets = (
				1D6058900D05DD3D006BFB54 /* HockeyDemo */,
				4BB1774812298D8D00B3DC81 /* HockeyDemo Script */,
			);
		};
/* End PBXProject section */

/* Begin PBXResourcesBuildPhase section */
		1D60588D0D05DD3D006BFB54 /* Resources */ = {
			isa = PBXResourcesBuildPhase;
			buildActionMask = 2147483647;
			files = (
				28AD733F0D9D9553002E5188 /* MainWindow.xib in Resources */,
				2899E5220DE3E06400AC0155 /* HockeyDemoViewController.xib in Resources */,
				1EB333A41221A3F40081CF8E /* Localizable.strings in Resources */,
			);
			runOnlyForDeploymentPostprocessing = 0;
		};
/* End PBXResourcesBuildPhase section */

/* Begin PBXShellScriptBuildPhase section */
		4BB1774E12298D9A00B3DC81 /* Beta Automatisation */ = {
			isa = PBXShellScriptBuildPhase;
			buildActionMask = 2147483647;
			files = (
			);
			inputPaths = (
			);
			name = "Beta Automatisation";
			outputPaths = (
			);
			runOnlyForDeploymentPostprocessing = 0;
			shellPath = /bin/sh;
			shellScript = "#!/bin/sh\n\n# This has to match the name of the configuration you use for Ad-Hoc builds!\nadHocConfigurationName=\"Ad-Hoc\";\n\nexecutableName=\"My Application\";\nbundleDisplayName=\"My Application\";\n\nsymbolicationDirectoryPath=\"${PROJECT_DIR}/Development/CrashReporter/Symbolication\";\ndropboxDistributionDirectoryPath=\"/users/myusername/Dropbox/My Application Beta\";\n\nftpUsername=\"username\";\nftpPassword=\"password\";\nftpServerDirectoryPath=\"my-cool-server.com/httpdocs/beta\";\n\n\n\nif ([ \"${EFFECTIVE_PLATFORM_NAME}\" == \"-iphoneos\" ])\nthen\n\t\n\tapplicationPath=\"${CONFIGURATION_BUILD_DIR}/$executableName.app\";\n\tbundleVersion=$(defaults read \"$applicationPath/Info\" CFBundleVersion);\n\tbundleIdentifier=$(defaults read \"$applicationPath/Info\" CFBundleIdentifier);\n\t\n\t# Move .app file to a secure location\n  \tif !([ -e \"$symbolicationDirectoryPath/$bundleIdentifier $bundleVersion.app\" ])\n     then\n\n       \tcp -r $applicationPath $symbolicationDirectoryPath;\n\t\tmv \"$symbolicationDirectoryPath/$executableName.app\" \"$symbolicationDirectoryPath/$bundleIdentifier $bundleVersion.app\";\n\t\t\n     fi\n\n\t# Move .app.dSYM file to a secure location\n\tif !([ -e \"$symbolicationDirectoryPath/$bundleIdentifier $bundleVersion.app.dSYM\" ])\n  \t   then\n\n       \tcp -r \"$applicationPath.dSYM\" $symbolicationDirectoryPath;\n\t\tmv \"$symbolicationDirectoryPath/$executableName.app.dSYM\" \"$symbolicationDirectoryPath/$bundleIdentifier $bundleVersion.app.dSYM\";\n\t\t\n     fi\n\n\n\tif ([ \"${BUILD_STYLE}\" == $adHocConfigurationName ])\n\tthen\n\t\tcd \"${CONFIGURATION_BUILD_DIR}\";\n\n\t\t# Archive the application for Ad-Hoc distribution\n\t\tmkdir \"${CONFIGURATION_BUILD_DIR}/Payload\";\n\t\tcp -r $applicationPath \"${CONFIGURATION_BUILD_DIR}/Payload\";\n\t\t(zip -qr \"$executableName.ipa\" Payload);\n\t\trm -rf \"${CONFIGURATION_BUILD_DIR}/Payload\";\n\t\t\n\t\t# Generate .plist file for wireless app distribution\n\t\techo \"<?xml version=\\\"1.0\\\" encoding=\\\"UTF-8\\\"?>\n\t\t \t <!DOCTYPE plist PUBLIC \\\"-//Apple//DTD PLIST 1.0//EN\\\" \\\"http://www.apple.com/DTDs/PropertyList-1.0.dtd\\\">\n\t\t\t <plist version=\\\"1.0\\\">\n\t\t\t <dict>\n\t\t\t\t<key>items</key>\n\t\t\t\t<array>\n\t\t\t\t\t<dict>\n\t\t\t\t\t\t<key>assets</key>\n\t\t\t\t\t\t<array>\n\t\t\t\t\t\t\t<dict>\n\t\t\t\t\t\t\t\t<key>kind</key>\n\t\t\t\t\t\t\t\t<string>software-package</string>\n\t\t\t\t\t\t\t\t<key>url</key>\n\t\t\t\t\t\t\t\t<string>__URL__</string>\n\t\t\t\t\t\t\t</dict>\n\t\t\t\t\t\t</array>\n\t\t\t\t\t\t<key>metadata</key>\n\t\t\t\t\t\t<dict>\n\t\t\t\t\t\t\t<key>bundle-identifier</key>\n\t\t\t\t\t\t\t<string>$bundleIdentifier</string>\n\t\t\t\t\t\t\t<key>bundle-version</key>\n\t\t\t\t\t\t\t<string>$bundleVersion</string>\n\t\t\t\t\t\t\t<key>kind</key>\n\t\t\t\t\t\t\t<string>software</string>\n\t\t\t\t\t\t\t<key>title</key>\n\t\t\t\t\t\t\t<string>$bundleDisplayName</string>\n\t\t\t\t\t\t</dict>\n\t\t\t\t\t</dict>\n\t\t\t\t</array>\n\t\t\t </dict>\n\t\t\t </plist>\" > \"${CONFIGURATION_BUILD_DIR}/$executableName.plist\";\n\t\t\n\t\t# Move the archived application to Dropbox\n\t\tcp \"$executableName.ipa\" \"$dropboxDistributionDirectoryPath/$executableName.ipa\";\n\n\t\t# Open Terminal and upload the .ipa and .plist files\n\t\techo \"Uploading $executableName.ipa and $executableName.plist to $ftpServerDirectoryPath...\";\n\t\t/usr/bin/osascript <<-EOF\t\t\t\n\t\t\ton isApplicationRunning(application)\n\t\t\t\ttell application \"System Events\" to (name of processes) contains application\n\t\t\tend isApplicationRunning\n\n\t\t\tif not (isApplicationRunning(\"Terminal\")) then\n\t\t\t\ttell application \"Terminal\"\n\t\t\t\t\tlaunch\n\t\t\t\t\tclose window 1\n\t\t\t\tend tell\n\t\t\tend if\n\n\t\t\ttell application \"Terminal\"\n\t\t\t\tdo script with command \"curl -T \\\"${CONFIGURATION_BUILD_DIR}/$executableName.ipa\\\" \\\"ftp://$ftpUsername:$ftpPassword@$ftpServerDirectoryPath/$bundleIdentifier/$executableName.ipa\\\"\"\n\t\t\t\tdo script with command \"curl -T \\\"${CONFIGURATION_BUILD_DIR}/$executableName.plist\\\" \\\"ftp://$ftpUsername:$ftpPassword@$ftpServerDirectoryPath/$bundleIdentifier/$executableName.plist\\\"\"\n\t\t\tend tell\n\t\tEOF\n\n\t\tcd \"${PROJECT_DIR}\";\n\tfi\nfi\n\nexit 0;";
			showEnvVarsInLog = 0;
		};
/* End PBXShellScriptBuildPhase section */

/* Begin PBXSourcesBuildPhase section */
		1D60588E0D05DD3D006BFB54 /* Sources */ = {
			isa = PBXSourcesBuildPhase;
			buildActionMask = 2147483647;
			files = (
				1D60589B0D05DD56006BFB54 /* main.m in Sources */,
				1D3623260D0F684500981E51 /* HockeyDemoAppDelegate.m in Sources */,
				28D7ACF80DDB3853001CB0EB /* HockeyDemoViewController.m in Sources */,
				1EB32FA0122147E20081CF8E /* BWHockeyViewController.m in Sources */,
				1EB32FA1122147E20081CF8E /* BWHockeyController.m in Sources */,
				1EB330EB122162200081CF8E /* HockeyDemoSettingsViewController.m in Sources */,
				1EB3332112219D440081CF8E /* BWWebViewController.m in Sources */,
				1EB3332212219D440081CF8E /* NSObject+SBJSON.m in Sources */,
				1EB3332312219D440081CF8E /* NSString+SBJSON.m in Sources */,
				1EB3332412219D440081CF8E /* SBJSON.m in Sources */,
				1EB3332512219D440081CF8E /* SBJsonBase.m in Sources */,
				1EB3332612219D440081CF8E /* SBJsonParser.m in Sources */,
				1EB3332712219D440081CF8E /* SBJsonWriter.m in Sources */,
				1EB3332812219D440081CF8E /* NSString+URLEncoding.m in Sources */,
			);
			runOnlyForDeploymentPostprocessing = 0;
		};
/* End PBXSourcesBuildPhase section */

/* Begin PBXTargetDependency section */
		4BB1774C12298D9300B3DC81 /* PBXTargetDependency */ = {
			isa = PBXTargetDependency;
			target = 1D6058900D05DD3D006BFB54 /* HockeyDemo */;
			targetProxy = 4BB1774B12298D9300B3DC81 /* PBXContainerItemProxy */;
		};
/* End PBXTargetDependency section */

/* Begin PBXVariantGroup section */
		1EB333A31221A3F40081CF8E /* Localizable.strings */ = {
			isa = PBXVariantGroup;
			children = (
				1EB333601221A3E00081CF8E /* English */,
			);
			name = Localizable.strings;
			sourceTree = "<group>";
		};
/* End PBXVariantGroup section */

/* Begin XCBuildConfiguration section */
		1D6058940D05DD3E006BFB54 /* Debug */ = {
			isa = XCBuildConfiguration;
			buildSettings = {
				ALWAYS_SEARCH_USER_PATHS = NO;
				COPY_PHASE_STRIP = NO;
				GCC_DYNAMIC_NO_PIC = NO;
				GCC_OPTIMIZATION_LEVEL = 0;
				GCC_PRECOMPILE_PREFIX_HEADER = YES;
				GCC_PREFIX_HEADER = HockeyDemo_Prefix.pch;
				INFOPLIST_FILE = "HockeyDemo-Info.plist";
				PRODUCT_NAME = HockeyDemo;
			};
			name = Debug;
		};
		1D6058950D05DD3E006BFB54 /* Release */ = {
			isa = XCBuildConfiguration;
			buildSettings = {
				ALWAYS_SEARCH_USER_PATHS = NO;
				COPY_PHASE_STRIP = YES;
				GCC_PRECOMPILE_PREFIX_HEADER = YES;
				GCC_PREFIX_HEADER = HockeyDemo_Prefix.pch;
				INFOPLIST_FILE = "HockeyDemo-Info.plist";
				PRODUCT_NAME = HockeyDemo;
				VALIDATE_PRODUCT = YES;
			};
			name = Release;
		};
		4BB1774912298D8D00B3DC81 /* Debug */ = {
			isa = XCBuildConfiguration;
			buildSettings = {
				COPY_PHASE_STRIP = NO;
				GCC_DYNAMIC_NO_PIC = NO;
				GCC_OPTIMIZATION_LEVEL = 0;
				PRODUCT_NAME = "HockeyDemo Script";
			};
			name = Debug;
		};
		4BB1774A12298D8D00B3DC81 /* Release */ = {
			isa = XCBuildConfiguration;
			buildSettings = {
				COPY_PHASE_STRIP = YES;
				DEBUG_INFORMATION_FORMAT = "dwarf-with-dsym";
				GCC_ENABLE_FIX_AND_CONTINUE = NO;
				PRODUCT_NAME = "HockeyDemo Script";
				ZERO_LINK = NO;
			};
			name = Release;
		};
		C01FCF4F08A954540054247B /* Debug */ = {
			isa = XCBuildConfiguration;
			buildSettings = {
				ARCHS = "$(ARCHS_STANDARD_32_BIT)";
				"CODE_SIGN_IDENTITY[sdk=iphoneos*]" = "iPhone Developer";
				GCC_C_LANGUAGE_STANDARD = c99;
				GCC_WARN_ABOUT_RETURN_TYPE = YES;
				GCC_WARN_UNUSED_VARIABLE = YES;
				PREBINDING = NO;
				SDKROOT = iphoneos4.0;
			};
			name = Debug;
		};
		C01FCF5008A954540054247B /* Release */ = {
			isa = XCBuildConfiguration;
			buildSettings = {
				ARCHS = "$(ARCHS_STANDARD_32_BIT)";
				"CODE_SIGN_IDENTITY[sdk=iphoneos*]" = "iPhone Developer";
				GCC_C_LANGUAGE_STANDARD = c99;
				GCC_WARN_ABOUT_RETURN_TYPE = YES;
				GCC_WARN_UNUSED_VARIABLE = YES;
				OTHER_CFLAGS = "-DNS_BLOCK_ASSERTIONS=1";
				PREBINDING = NO;
				SDKROOT = iphoneos4.0;
			};
			name = Release;
		};
/* End XCBuildConfiguration section */

/* Begin XCConfigurationList section */
		1D6058960D05DD3E006BFB54 /* Build configuration list for PBXNativeTarget "HockeyDemo" */ = {
			isa = XCConfigurationList;
			buildConfigurations = (
				1D6058940D05DD3E006BFB54 /* Debug */,
				1D6058950D05DD3E006BFB54 /* Release */,
			);
			defaultConfigurationIsVisible = 0;
			defaultConfigurationName = Release;
		};
		4BB1774F12298DBA00B3DC81 /* Build configuration list for PBXAggregateTarget "HockeyDemo Script" */ = {
			isa = XCConfigurationList;
			buildConfigurations = (
				4BB1774912298D8D00B3DC81 /* Debug */,
				4BB1774A12298D8D00B3DC81 /* Release */,
			);
			defaultConfigurationIsVisible = 0;
			defaultConfigurationName = Release;
		};
		C01FCF4E08A954540054247B /* Build configuration list for PBXProject "HockeyDemo" */ = {
			isa = XCConfigurationList;
			buildConfigurations = (
				C01FCF4F08A954540054247B /* Debug */,
				C01FCF5008A954540054247B /* Release */,
			);
			defaultConfigurationIsVisible = 0;
			defaultConfigurationName = Release;
		};
/* End XCConfigurationList section */
	};
	rootObject = 29B97313FDCFA39411CA2CEA /* Project object */;
}
